
Microsoft Visual Studio Solution File, Format Version 12.00
# Visual Studio Version 17
VisualStudioVersion = 17.0.31612.314
MinimumVisualStudioVersion = 10.0.40219.1
Project("{FAE04EC0-301F-11D3-BF4B-00C04F79EFBC}") = "AEM Sandbox", "AEM Sandbox\AEM Sandbox.csproj", "{0FA5EF68-CD17-4276-B9A9-5AB94A6F1C8A}"
EndProject
Global
	GlobalSection(SolutionConfigurationPlatforms) = preSolution
		Debug|Any CPU = Debug|Any CPU
		Release|Any CPU = Release|Any CPU
	EndGlobalSection
	GlobalSection(ProjectConfigurationPlatforms) = postSolution
		{0FA5EF68-CD17-4276-B9A9-5AB94A6F1C8A}.Debug|Any CPU.ActiveCfg = Debug|Any CPU
		{0FA5EF68-CD17-4276-B9A9-5AB94A6F1C8A}.Debug|Any CPU.Build.0 = Debug|Any CPU
		{0FA5EF68-CD17-4276-B9A9-5AB94A6F1C8A}.Release|Any CPU.ActiveCfg = Release|Any CPU
		{0FA5EF68-CD17-4276-B9A9-5AB94A6F1C8A}.Release|Any CPU.Build.0 = Release|Any CPU
	EndGlobalSection
	GlobalSection(SolutionProperties) = preSolution
		HideSolutionNode = FALSE
	EndGlobalSection
	GlobalSection(ExtensibilityGlobals) = postSolution
		SolutionGuid = {AFC74190-B229-4A92-8B3C-5063895344DA}
	EndGlobalSection
EndGlobal
